
Microsoft Visual Studio Solution File, Format Version 12.00
# Visual Studio Version 16
VisualStudioVersion = 16.0.29326.143
MinimumVisualStudioVersion = 10.0.40219.1
Project("{FAE04EC0-301F-11D3-BF4B-00C04F79EFBC}") = "Mosqueapp", "Mosqueapp\Mosqueapp.csproj", "{EE5CA3A3-AF16-4969-B79A-405D7A1FAF86}"
EndProject
Global
	GlobalSection(SolutionConfigurationPlatforms) = preSolution
		Debug|Any CPU = Debug|Any CPU
		Release|Any CPU = Release|Any CPU
	EndGlobalSection
	GlobalSection(ProjectConfigurationPlatforms) = postSolution
		{EE5CA3A3-AF16-4969-B79A-405D7A1FAF86}.Debug|Any CPU.ActiveCfg = Debug|Any CPU
		{EE5CA3A3-AF16-4969-B79A-405D7A1FAF86}.Debug|Any CPU.Build.0 = Debug|Any CPU
		{EE5CA3A3-AF16-4969-B79A-405D7A1FAF86}.Release|Any CPU.ActiveCfg = Release|Any CPU
		{EE5CA3A3-AF16-4969-B79A-405D7A1FAF86}.Release|Any CPU.Build.0 = Release|Any CPU
	EndGlobalSection
	GlobalSection(SolutionProperties) = preSolution
		HideSolutionNode = FALSE
	EndGlobalSection
	GlobalSection(ExtensibilityGlobals) = postSolution
		SolutionGuid = {9084B18B-3C23-4367-BC9E-5BE055DB3E89}
	EndGlobalSection
EndGlobal
